
Microsoft Visual Studio Solution File, Format Version 12.00
# Visual Studio 15
VisualStudioVersion = 15.0.26124.0
MinimumVisualStudioVersion = 15.0.26124.0
Project("{FAE04EC0-301F-11D3-BF4B-00C04F79EFBC}") = "Novicap", "Novicap\Novicap.csproj", "{4ABC57AC-D09D-43C7-A101-DD1EAC31A3F6}"
EndProject
Project("{FAE04EC0-301F-11D3-BF4B-00C04F79EFBC}") = "Tests", "Tests\Tests.csproj", "{F1EF6280-A3D2-4F76-B5E0-D20D0838FEF5}"
EndProject
Global
	GlobalSection(SolutionConfigurationPlatforms) = preSolution
		Debug|Any CPU = Debug|Any CPU
		Debug|x64 = Debug|x64
		Debug|x86 = Debug|x86
		Release|Any CPU = Release|Any CPU
		Release|x64 = Release|x64
		Release|x86 = Release|x86
	EndGlobalSection
	GlobalSection(SolutionProperties) = preSolution
		HideSolutionNode = FALSE
	EndGlobalSection
	GlobalSection(ProjectConfigurationPlatforms) = postSolution
		{4ABC57AC-D09D-43C7-A101-DD1EAC31A3F6}.Debug|Any CPU.ActiveCfg = Debug|Any CPU
		{4ABC57AC-D09D-43C7-A101-DD1EAC31A3F6}.Debug|Any CPU.Build.0 = Debug|Any CPU
		{4ABC57AC-D09D-43C7-A101-DD1EAC31A3F6}.Debug|x64.ActiveCfg = Debug|Any CPU
		{4ABC57AC-D09D-43C7-A101-DD1EAC31A3F6}.Debug|x64.Build.0 = Debug|Any CPU
		{4ABC57AC-D09D-43C7-A101-DD1EAC31A3F6}.Debug|x86.ActiveCfg = Debug|Any CPU
		{4ABC57AC-D09D-43C7-A101-DD1EAC31A3F6}.Debug|x86.Build.0 = Debug|Any CPU
		{4ABC57AC-D09D-43C7-A101-DD1EAC31A3F6}.Release|Any CPU.ActiveCfg = Release|Any CPU
		{4ABC57AC-D09D-43C7-A101-DD1EAC31A3F6}.Release|Any CPU.Build.0 = Release|Any CPU
		{4ABC57AC-D09D-43C7-A101-DD1EAC31A3F6}.Release|x64.ActiveCfg = Release|Any CPU
		{4ABC57AC-D09D-43C7-A101-DD1EAC31A3F6}.Release|x64.Build.0 = Release|Any CPU
		{4ABC57AC-D09D-43C7-A101-DD1EAC31A3F6}.Release|x86.ActiveCfg = Release|Any CPU
		{4ABC57AC-D09D-43C7-A101-DD1EAC31A3F6}.Release|x86.Build.0 = Release|Any CPU
		{F1EF6280-A3D2-4F76-B5E0-D20D0838FEF5}.Debug|Any CPU.ActiveCfg = Debug|Any CPU
		{F1EF6280-A3D2-4F76-B5E0-D20D0838FEF5}.Debug|Any CPU.Build.0 = Debug|Any CPU
		{F1EF6280-A3D2-4F76-B5E0-D20D0838FEF5}.Debug|x64.ActiveCfg = Debug|Any CPU
		{F1EF6280-A3D2-4F76-B5E0-D20D0838FEF5}.Debug|x64.Build.0 = Debug|Any CPU
		{F1EF6280-A3D2-4F76-B5E0-D20D0838FEF5}.Debug|x86.ActiveCfg = Debug|Any CPU
		{F1EF6280-A3D2-4F76-B5E0-D20D0838FEF5}.Debug|x86.Build.0 = Debug|Any CPU
		{F1EF6280-A3D2-4F76-B5E0-D20D0838FEF5}.Release|Any CPU.ActiveCfg = Release|Any CPU
		{F1EF6280-A3D2-4F76-B5E0-D20D0838FEF5}.Release|Any CPU.Build.0 = Release|Any CPU
		{F1EF6280-A3D2-4F76-B5E0-D20D0838FEF5}.Release|x64.ActiveCfg = Release|Any CPU
		{F1EF6280-A3D2-4F76-B5E0-D20D0838FEF5}.Release|x64.Build.0 = Release|Any CPU
		{F1EF6280-A3D2-4F76-B5E0-D20D0838FEF5}.Release|x86.ActiveCfg = Release|Any CPU
		{F1EF6280-A3D2-4F76-B5E0-D20D0838FEF5}.Release|x86.Build.0 = Release|Any CPU
	EndGlobalSection
EndGlobal
